// !$*UTF8*$!
{
	archiveVersion = 1;
	classes = {
	};
	objectVersion = 50;
	objects = {

/* Begin PBXBuildFile section */
		9F0FCD3C2411E35100AFC61E /* AppDelegate.swift in Sources */ = {isa = PBXBuildFile; fileRef = 9F0FCD3B2411E35100AFC61E /* AppDelegate.swift */; };
		9F0FCD3E2411E35100AFC61E /* SceneDelegate.swift in Sources */ = {isa = PBXBuildFile; fileRef = 9F0FCD3D2411E35100AFC61E /* SceneDelegate.swift */; };
		9F0FCD402411E35100AFC61E /* CharactersViewController.swift in Sources */ = {isa = PBXBuildFile; fileRef = 9F0FCD3F2411E35100AFC61E /* CharactersViewController.swift */; };
		9F0FCD432411E35100AFC61E /* Main.storyboard in Resources */ = {isa = PBXBuildFile; fileRef = 9F0FCD412411E35100AFC61E /* Main.storyboard */; };
		9F0FCD452411E35400AFC61E /* Assets.xcassets in Resources */ = {isa = PBXBuildFile; fileRef = 9F0FCD442411E35400AFC61E /* Assets.xcassets */; };
		9F0FCD482411E35400AFC61E /* LaunchScreen.storyboard in Resources */ = {isa = PBXBuildFile; fileRef = 9F0FCD462411E35400AFC61E /* LaunchScreen.storyboard */; };
		9F0FCD532411E35400AFC61E /* RickAndMortyTests.swift in Sources */ = {isa = PBXBuildFile; fileRef = 9F0FCD522411E35400AFC61E /* RickAndMortyTests.swift */; };
		9F0FCD5E2411E35400AFC61E /* RickAndMortyUITests.swift in Sources */ = {isa = PBXBuildFile; fileRef = 9F0FCD5D2411E35400AFC61E /* RickAndMortyUITests.swift */; };
		9F0FCD722411E9ED00AFC61E /* Character.swift in Sources */ = {isa = PBXBuildFile; fileRef = 9F0FCD712411E9ED00AFC61E /* Character.swift */; };
		9F0FCD742411EA7E00AFC61E /* Location.swift in Sources */ = {isa = PBXBuildFile; fileRef = 9F0FCD732411EA7E00AFC61E /* Location.swift */; };
		9F0FCD772412A8F100AFC61E /* SessionManager.swift in Sources */ = {isa = PBXBuildFile; fileRef = 9F0FCD762412A8F100AFC61E /* SessionManager.swift */; };
		9F0FCD792412A95D00AFC61E /* RequestType.swift in Sources */ = {isa = PBXBuildFile; fileRef = 9F0FCD782412A95D00AFC61E /* RequestType.swift */; };
		9F6B28412412AE5600E5BEF1 /* CustomError.swift in Sources */ = {isa = PBXBuildFile; fileRef = 9F6B28402412AE5600E5BEF1 /* CustomError.swift */; };
		9F6B28432412B39D00E5BEF1 /* CharactersInteractor.swift in Sources */ = {isa = PBXBuildFile; fileRef = 9F6B28422412B39D00E5BEF1 /* CharactersInteractor.swift */; };
		9F6B28452412C33A00E5BEF1 /* Characters.swift in Sources */ = {isa = PBXBuildFile; fileRef = 9F6B28442412C33A00E5BEF1 /* Characters.swift */; };
		9F6B28472412C66300E5BEF1 /* CharactersRouter.swift in Sources */ = {isa = PBXBuildFile; fileRef = 9F6B28462412C66300E5BEF1 /* CharactersRouter.swift */; };
		9F6B28492412C86600E5BEF1 /* View.swift in Sources */ = {isa = PBXBuildFile; fileRef = 9F6B28482412C86600E5BEF1 /* View.swift */; };
		9F6B284B2412CA4F00E5BEF1 /* Presenter.swift in Sources */ = {isa = PBXBuildFile; fileRef = 9F6B284A2412CA4F00E5BEF1 /* Presenter.swift */; };
		9F6B284D2412CB6800E5BEF1 /* CharactersPresenter.swift in Sources */ = {isa = PBXBuildFile; fileRef = 9F6B284C2412CB6800E5BEF1 /* CharactersPresenter.swift */; };
		9F6B285124180C2D00E5BEF1 /* Router.swift in Sources */ = {isa = PBXBuildFile; fileRef = 9F6B285024180C2D00E5BEF1 /* Router.swift */; };
		9F6B2853241810CD00E5BEF1 /* Interactor.swift in Sources */ = {isa = PBXBuildFile; fileRef = 9F6B2852241810CD00E5BEF1 /* Interactor.swift */; };
		9F6B2857242EB9E200E5BEF1 /* CharacterCell.swift in Sources */ = {isa = PBXBuildFile; fileRef = 9F6B2855242EB9E200E5BEF1 /* CharacterCell.swift */; };
		9F6B2858242EB9E200E5BEF1 /* CharacterCell.xib in Resources */ = {isa = PBXBuildFile; fileRef = 9F6B2856242EB9E200E5BEF1 /* CharacterCell.xib */; };
		9F6B285B242EBA7500E5BEF1 /* UICollectionView+Extension.swift in Sources */ = {isa = PBXBuildFile; fileRef = 9F6B285A242EBA7500E5BEF1 /* UICollectionView+Extension.swift */; };
		9FB887BA2432AF3C00218399 /* CharacterCellPresenter.swift in Sources */ = {isa = PBXBuildFile; fileRef = 9FB887B92432AF3C00218399 /* CharacterCellPresenter.swift */; };
		9FB887BC2432B2AD00218399 /* UIViewController+Extension.swift in Sources */ = {isa = PBXBuildFile; fileRef = 9FB887BB2432B2AD00218399 /* UIViewController+Extension.swift */; };
/* End PBXBuildFile section */

/* Begin PBXContainerItemProxy section */
		9F0FCD4F2411E35400AFC61E /* PBXContainerItemProxy */ = {
			isa = PBXContainerItemProxy;
			containerPortal = 9F0FCD302411E35100AFC61E /* Project object */;
			proxyType = 1;
			remoteGlobalIDString = 9F0FCD372411E35100AFC61E;
			remoteInfo = RickAndMorty;
		};
		9F0FCD5A2411E35400AFC61E /* PBXContainerItemProxy */ = {
			isa = PBXContainerItemProxy;
			containerPortal = 9F0FCD302411E35100AFC61E /* Project object */;
			proxyType = 1;
			remoteGlobalIDString = 9F0FCD372411E35100AFC61E;
			remoteInfo = RickAndMorty;
		};
/* End PBXContainerItemProxy section */

/* Begin PBXFileReference section */
		9F0FCD382411E35100AFC61E /* RickAndMorty.app */ = {isa = PBXFileReference; explicitFileType = wrapper.application; includeInIndex = 0; path = RickAndMorty.app; sourceTree = BUILT_PRODUCTS_DIR; };
		9F0FCD3B2411E35100AFC61E /* AppDelegate.swift */ = {isa = PBXFileReference; lastKnownFileType = sourcecode.swift; path = AppDelegate.swift; sourceTree = "<group>"; };
		9F0FCD3D2411E35100AFC61E /* SceneDelegate.swift */ = {isa = PBXFileReference; lastKnownFileType = sourcecode.swift; path = SceneDelegate.swift; sourceTree = "<group>"; };
		9F0FCD3F2411E35100AFC61E /* CharactersViewController.swift */ = {isa = PBXFileReference; lastKnownFileType = sourcecode.swift; path = CharactersViewController.swift; sourceTree = "<group>"; };
		9F0FCD422411E35100AFC61E /* Base */ = {isa = PBXFileReference; lastKnownFileType = file.storyboard; name = Base; path = Base.lproj/Main.storyboard; sourceTree = "<group>"; };
		9F0FCD442411E35400AFC61E /* Assets.xcassets */ = {isa = PBXFileReference; lastKnownFileType = folder.assetcatalog; path = Assets.xcassets; sourceTree = "<group>"; };
		9F0FCD472411E35400AFC61E /* Base */ = {isa = PBXFileReference; lastKnownFileType = file.storyboard; name = Base; path = Base.lproj/LaunchScreen.storyboard; sourceTree = "<group>"; };
		9F0FCD492411E35400AFC61E /* Info.plist */ = {isa = PBXFileReference; lastKnownFileType = text.plist.xml; path = Info.plist; sourceTree = "<group>"; };
		9F0FCD4E2411E35400AFC61E /* RickAndMortyTests.xctest */ = {isa = PBXFileReference; explicitFileType = wrapper.cfbundle; includeInIndex = 0; path = RickAndMortyTests.xctest; sourceTree = BUILT_PRODUCTS_DIR; };
		9F0FCD522411E35400AFC61E /* RickAndMortyTests.swift */ = {isa = PBXFileReference; lastKnownFileType = sourcecode.swift; path = RickAndMortyTests.swift; sourceTree = "<group>"; };
		9F0FCD542411E35400AFC61E /* Info.plist */ = {isa = PBXFileReference; lastKnownFileType = text.plist.xml; path = Info.plist; sourceTree = "<group>"; };
		9F0FCD592411E35400AFC61E /* RickAndMortyUITests.xctest */ = {isa = PBXFileReference; explicitFileType = wrapper.cfbundle; includeInIndex = 0; path = RickAndMortyUITests.xctest; sourceTree = BUILT_PRODUCTS_DIR; };
		9F0FCD5D2411E35400AFC61E /* RickAndMortyUITests.swift */ = {isa = PBXFileReference; lastKnownFileType = sourcecode.swift; path = RickAndMortyUITests.swift; sourceTree = "<group>"; };
		9F0FCD5F2411E35400AFC61E /* Info.plist */ = {isa = PBXFileReference; lastKnownFileType = text.plist.xml; path = Info.plist; sourceTree = "<group>"; };
		9F0FCD712411E9ED00AFC61E /* Character.swift */ = {isa = PBXFileReference; lastKnownFileType = sourcecode.swift; path = Character.swift; sourceTree = "<group>"; };
		9F0FCD732411EA7E00AFC61E /* Location.swift */ = {isa = PBXFileReference; lastKnownFileType = sourcecode.swift; path = Location.swift; sourceTree = "<group>"; };
		9F0FCD762412A8F100AFC61E /* SessionManager.swift */ = {isa = PBXFileReference; lastKnownFileType = sourcecode.swift; path = SessionManager.swift; sourceTree = "<group>"; };
		9F0FCD782412A95D00AFC61E /* RequestType.swift */ = {isa = PBXFileReference; lastKnownFileType = sourcecode.swift; path = RequestType.swift; sourceTree = "<group>"; };
		9F6B28402412AE5600E5BEF1 /* CustomError.swift */ = {isa = PBXFileReference; lastKnownFileType = sourcecode.swift; path = CustomError.swift; sourceTree = "<group>"; };
		9F6B28422412B39D00E5BEF1 /* CharactersInteractor.swift */ = {isa = PBXFileReference; lastKnownFileType = sourcecode.swift; path = CharactersInteractor.swift; sourceTree = "<group>"; };
		9F6B28442412C33A00E5BEF1 /* Characters.swift */ = {isa = PBXFileReference; lastKnownFileType = sourcecode.swift; path = Characters.swift; sourceTree = "<group>"; };
		9F6B28462412C66300E5BEF1 /* CharactersRouter.swift */ = {isa = PBXFileReference; lastKnownFileType = sourcecode.swift; path = CharactersRouter.swift; sourceTree = "<group>"; };
		9F6B28482412C86600E5BEF1 /* View.swift */ = {isa = PBXFileReference; lastKnownFileType = sourcecode.swift; path = View.swift; sourceTree = "<group>"; };
		9F6B284A2412CA4F00E5BEF1 /* Presenter.swift */ = {isa = PBXFileReference; lastKnownFileType = sourcecode.swift; path = Presenter.swift; sourceTree = "<group>"; };
		9F6B284C2412CB6800E5BEF1 /* CharactersPresenter.swift */ = {isa = PBXFileReference; lastKnownFileType = sourcecode.swift; path = CharactersPresenter.swift; sourceTree = "<group>"; };
		9F6B285024180C2D00E5BEF1 /* Router.swift */ = {isa = PBXFileReference; lastKnownFileType = sourcecode.swift; path = Router.swift; sourceTree = "<group>"; };
		9F6B2852241810CD00E5BEF1 /* Interactor.swift */ = {isa = PBXFileReference; lastKnownFileType = sourcecode.swift; path = Interactor.swift; sourceTree = "<group>"; };
		9F6B2855242EB9E200E5BEF1 /* CharacterCell.swift */ = {isa = PBXFileReference; lastKnownFileType = sourcecode.swift; path = CharacterCell.swift; sourceTree = "<group>"; };
		9F6B2856242EB9E200E5BEF1 /* CharacterCell.xib */ = {isa = PBXFileReference; lastKnownFileType = file.xib; path = CharacterCell.xib; sourceTree = "<group>"; };
		9F6B285A242EBA7500E5BEF1 /* UICollectionView+Extension.swift */ = {isa = PBXFileReference; lastKnownFileType = sourcecode.swift; path = "UICollectionView+Extension.swift"; sourceTree = "<group>"; };
		9FB887B92432AF3C00218399 /* CharacterCellPresenter.swift */ = {isa = PBXFileReference; lastKnownFileType = sourcecode.swift; path = CharacterCellPresenter.swift; sourceTree = "<group>"; };
		9FB887BB2432B2AD00218399 /* UIViewController+Extension.swift */ = {isa = PBXFileReference; lastKnownFileType = sourcecode.swift; path = "UIViewController+Extension.swift"; sourceTree = "<group>"; };
/* End PBXFileReference section */

/* Begin PBXFrameworksBuildPhase section */
		9F0FCD352411E35100AFC61E /* Frameworks */ = {
			isa = PBXFrameworksBuildPhase;
			buildActionMask = 2147483647;
			files = (
			);
			runOnlyForDeploymentPostprocessing = 0;
		};
		9F0FCD4B2411E35400AFC61E /* Frameworks */ = {
			isa = PBXFrameworksBuildPhase;
			buildActionMask = 2147483647;
			files = (
			);
			runOnlyForDeploymentPostprocessing = 0;
		};
		9F0FCD562411E35400AFC61E /* Frameworks */ = {
			isa = PBXFrameworksBuildPhase;
			buildActionMask = 2147483647;
			files = (
			);
			runOnlyForDeploymentPostprocessing = 0;
		};
/* End PBXFrameworksBuildPhase section */

/* Begin PBXGroup section */
		9F0FCD2F2411E35100AFC61E = {
			isa = PBXGroup;
			children = (
				9F0FCD3A2411E35100AFC61E /* RickAndMorty */,
				9F0FCD512411E35400AFC61E /* RickAndMortyTests */,
				9F0FCD5C2411E35400AFC61E /* RickAndMortyUITests */,
				9F0FCD392411E35100AFC61E /* Products */,
			);
			sourceTree = "<group>";
		};
		9F0FCD392411E35100AFC61E /* Products */ = {
			isa = PBXGroup;
			children = (
				9F0FCD382411E35100AFC61E /* RickAndMorty.app */,
				9F0FCD4E2411E35400AFC61E /* RickAndMortyTests.xctest */,
				9F0FCD592411E35400AFC61E /* RickAndMortyUITests.xctest */,
			);
			name = Products;
			sourceTree = "<group>";
		};
		9F0FCD3A2411E35100AFC61E /* RickAndMorty */ = {
			isa = PBXGroup;
			children = (
				9F6B2859242EBA6500E5BEF1 /* Extensions */,
				9F6B285424181AD300E5BEF1 /* Protocols */,
				9F6B283F2412AE4D00E5BEF1 /* Helpers */,
				9F0FCD752412A8E000AFC61E /* Network */,
				9F0FCD6C2411E3CC00AFC61E /* View */,
				9F0FCD6D2411E3DD00AFC61E /* Interactor */,
				9F0FCD6E2411E3EA00AFC61E /* Presenter */,
				9F0FCD6F2411E3F500AFC61E /* Entity */,
				9F0FCD702411E3FC00AFC61E /* Router */,
				9F0FCD6B2411E36500AFC61E /* Project Files */,
				9F0FCD442411E35400AFC61E /* Assets.xcassets */,
			);
			path = RickAndMorty;
			sourceTree = "<group>";
		};
		9F0FCD512411E35400AFC61E /* RickAndMortyTests */ = {
			isa = PBXGroup;
			children = (
				9F0FCD522411E35400AFC61E /* RickAndMortyTests.swift */,
				9F0FCD542411E35400AFC61E /* Info.plist */,
			);
			path = RickAndMortyTests;
			sourceTree = "<group>";
		};
		9F0FCD5C2411E35400AFC61E /* RickAndMortyUITests */ = {
			isa = PBXGroup;
			children = (
				9F0FCD5D2411E35400AFC61E /* RickAndMortyUITests.swift */,
				9F0FCD5F2411E35400AFC61E /* Info.plist */,
			);
			path = RickAndMortyUITests;
			sourceTree = "<group>";
		};
		9F0FCD6B2411E36500AFC61E /* Project Files */ = {
			isa = PBXGroup;
			children = (
				9F0FCD3B2411E35100AFC61E /* AppDelegate.swift */,
				9F0FCD3D2411E35100AFC61E /* SceneDelegate.swift */,
				9F0FCD492411E35400AFC61E /* Info.plist */,
			);
			path = "Project Files";
			sourceTree = "<group>";
		};
		9F0FCD6C2411E3CC00AFC61E /* View */ = {
			isa = PBXGroup;
			children = (
				9F0FCD462411E35400AFC61E /* LaunchScreen.storyboard */,
				9F0FCD412411E35100AFC61E /* Main.storyboard */,
				9F0FCD3F2411E35100AFC61E /* CharactersViewController.swift */,
				9F6B2855242EB9E200E5BEF1 /* CharacterCell.swift */,
				9F6B2856242EB9E200E5BEF1 /* CharacterCell.xib */,
			);
			path = View;
			sourceTree = "<group>";
		};
		9F0FCD6D2411E3DD00AFC61E /* Interactor */ = {
			isa = PBXGroup;
			children = (
				9F6B28422412B39D00E5BEF1 /* CharactersInteractor.swift */,
			);
			path = Interactor;
			sourceTree = "<group>";
		};
		9F0FCD6E2411E3EA00AFC61E /* Presenter */ = {
			isa = PBXGroup;
			children = (
				9F6B284C2412CB6800E5BEF1 /* CharactersPresenter.swift */,
				9FB887B92432AF3C00218399 /* CharacterCellPresenter.swift */,
			);
			path = Presenter;
			sourceTree = "<group>";
		};
		9F0FCD6F2411E3F500AFC61E /* Entity */ = {
			isa = PBXGroup;
			children = (
				9F0FCD712411E9ED00AFC61E /* Character.swift */,
				9F0FCD732411EA7E00AFC61E /* Location.swift */,
				9F6B28442412C33A00E5BEF1 /* Characters.swift */,
			);
			path = Entity;
			sourceTree = "<group>";
		};
		9F0FCD702411E3FC00AFC61E /* Router */ = {
			isa = PBXGroup;
			children = (
				9F6B28462412C66300E5BEF1 /* CharactersRouter.swift */,
			);
			path = Router;
			sourceTree = "<group>";
		};
		9F0FCD752412A8E000AFC61E /* Network */ = {
			isa = PBXGroup;
			children = (
				9F0FCD762412A8F100AFC61E /* SessionManager.swift */,
				9F0FCD782412A95D00AFC61E /* RequestType.swift */,
			);
			path = Network;
			sourceTree = "<group>";
		};
		9F6B283F2412AE4D00E5BEF1 /* Helpers */ = {
			isa = PBXGroup;
			children = (
				9F6B28402412AE5600E5BEF1 /* CustomError.swift */,
			);
			path = Helpers;
			sourceTree = "<group>";
		};
		9F6B285424181AD300E5BEF1 /* Protocols */ = {
			isa = PBXGroup;
			children = (
				9F6B28482412C86600E5BEF1 /* View.swift */,
				9F6B285024180C2D00E5BEF1 /* Router.swift */,
				9F6B2852241810CD00E5BEF1 /* Interactor.swift */,
				9F6B284A2412CA4F00E5BEF1 /* Presenter.swift */,
			);
			path = Protocols;
			sourceTree = "<group>";
		};
		9F6B2859242EBA6500E5BEF1 /* Extensions */ = {
			isa = PBXGroup;
			children = (
				9F6B285A242EBA7500E5BEF1 /* UICollectionView+Extension.swift */,
				9FB887BB2432B2AD00218399 /* UIViewController+Extension.swift */,
			);
			path = Extensions;
			sourceTree = "<group>";
		};
/* End PBXGroup section */

/* Begin PBXNativeTarget section */
		9F0FCD372411E35100AFC61E /* RickAndMorty */ = {
			isa = PBXNativeTarget;
			buildConfigurationList = 9F0FCD622411E35400AFC61E /* Build configuration list for PBXNativeTarget "RickAndMorty" */;
			buildPhases = (
				9F0FCD342411E35100AFC61E /* Sources */,
				9F0FCD352411E35100AFC61E /* Frameworks */,
				9F0FCD362411E35100AFC61E /* Resources */,
			);
			buildRules = (
			);
			dependencies = (
			);
			name = RickAndMorty;
			productName = RickAndMorty;
			productReference = 9F0FCD382411E35100AFC61E /* RickAndMorty.app */;
			productType = "com.apple.product-type.application";
		};
		9F0FCD4D2411E35400AFC61E /* RickAndMortyTests */ = {
			isa = PBXNativeTarget;
			buildConfigurationList = 9F0FCD652411E35400AFC61E /* Build configuration list for PBXNativeTarget "RickAndMortyTests" */;
			buildPhases = (
				9F0FCD4A2411E35400AFC61E /* Sources */,
				9F0FCD4B2411E35400AFC61E /* Frameworks */,
				9F0FCD4C2411E35400AFC61E /* Resources */,
			);
			buildRules = (
			);
			dependencies = (
				9F0FCD502411E35400AFC61E /* PBXTargetDependency */,
			);
			name = RickAndMortyTests;
			productName = RickAndMortyTests;
			productReference = 9F0FCD4E2411E35400AFC61E /* RickAndMortyTests.xctest */;
			productType = "com.apple.product-type.bundle.unit-test";
		};
		9F0FCD582411E35400AFC61E /* RickAndMortyUITests */ = {
			isa = PBXNativeTarget;
			buildConfigurationList = 9F0FCD682411E35400AFC61E /* Build configuration list for PBXNativeTarget "RickAndMortyUITests" */;
			buildPhases = (
				9F0FCD552411E35400AFC61E /* Sources */,
				9F0FCD562411E35400AFC61E /* Frameworks */,
				9F0FCD572411E35400AFC61E /* Resources */,
			);
			buildRules = (
			);
			dependencies = (
				9F0FCD5B2411E35400AFC61E /* PBXTargetDependency */,
			);
			name = RickAndMortyUITests;
			productName = RickAndMortyUITests;
			productReference = 9F0FCD592411E35400AFC61E /* RickAndMortyUITests.xctest */;
			productType = "com.apple.product-type.bundle.ui-testing";
		};
/* End PBXNativeTarget section */

/* Begin PBXProject section */
		9F0FCD302411E35100AFC61E /* Project object */ = {
			isa = PBXProject;
			attributes = {
				LastSwiftUpdateCheck = 1130;
				LastUpgradeCheck = 1130;
				ORGANIZATIONNAME = "Florin Uscatu";
				TargetAttributes = {
					9F0FCD372411E35100AFC61E = {
						CreatedOnToolsVersion = 11.3.1;
					};
					9F0FCD4D2411E35400AFC61E = {
						CreatedOnToolsVersion = 11.3.1;
						TestTargetID = 9F0FCD372411E35100AFC61E;
					};
					9F0FCD582411E35400AFC61E = {
						CreatedOnToolsVersion = 11.3.1;
						TestTargetID = 9F0FCD372411E35100AFC61E;
					};
				};
			};
			buildConfigurationList = 9F0FCD332411E35100AFC61E /* Build configuration list for PBXProject "RickAndMorty" */;
			compatibilityVersion = "Xcode 9.3";
			developmentRegion = en;
			hasScannedForEncodings = 0;
			knownRegions = (
				en,
				Base,
			);
			mainGroup = 9F0FCD2F2411E35100AFC61E;
			productRefGroup = 9F0FCD392411E35100AFC61E /* Products */;
			projectDirPath = "";
			projectRoot = "";
			targets = (
				9F0FCD372411E35100AFC61E /* RickAndMorty */,
				9F0FCD4D2411E35400AFC61E /* RickAndMortyTests */,
				9F0FCD582411E35400AFC61E /* RickAndMortyUITests */,
			);
		};
/* End PBXProject section */

/* Begin PBXResourcesBuildPhase section */
		9F0FCD362411E35100AFC61E /* Resources */ = {
			isa = PBXResourcesBuildPhase;
			buildActionMask = 2147483647;
			files = (
				9F0FCD482411E35400AFC61E /* LaunchScreen.storyboard in Resources */,
				9F0FCD452411E35400AFC61E /* Assets.xcassets in Resources */,
				9F0FCD432411E35100AFC61E /* Main.storyboard in Resources */,
				9F6B2858242EB9E200E5BEF1 /* CharacterCell.xib in Resources */,
			);
			runOnlyForDeploymentPostprocessing = 0;
		};
		9F0FCD4C2411E35400AFC61E /* Resources */ = {
			isa = PBXResourcesBuildPhase;
			buildActionMask = 2147483647;
			files = (
			);
			runOnlyForDeploymentPostprocessing = 0;
		};
		9F0FCD572411E35400AFC61E /* Resources */ = {
			isa = PBXResourcesBuildPhase;
			buildActionMask = 2147483647;
			files = (
			);
			runOnlyForDeploymentPostprocessing = 0;
		};
/* End PBXResourcesBuildPhase section */

/* Begin PBXSourcesBuildPhase section */
		9F0FCD342411E35100AFC61E /* Sources */ = {
			isa = PBXSourcesBuildPhase;
			buildActionMask = 2147483647;
			files = (
				9F6B284D2412CB6800E5BEF1 /* CharactersPresenter.swift in Sources */,
				9F6B28472412C66300E5BEF1 /* CharactersRouter.swift in Sources */,
				9F0FCD402411E35100AFC61E /* CharactersViewController.swift in Sources */,
				9F6B28412412AE5600E5BEF1 /* CustomError.swift in Sources */,
				9F0FCD3C2411E35100AFC61E /* AppDelegate.swift in Sources */,
				9F0FCD792412A95D00AFC61E /* RequestType.swift in Sources */,
				9FB887BA2432AF3C00218399 /* CharacterCellPresenter.swift in Sources */,
				9F6B2853241810CD00E5BEF1 /* Interactor.swift in Sources */,
				9FB887BC2432B2AD00218399 /* UIViewController+Extension.swift in Sources */,
				9F6B285B242EBA7500E5BEF1 /* UICollectionView+Extension.swift in Sources */,
				9F6B28432412B39D00E5BEF1 /* CharactersInteractor.swift in Sources */,
				9F6B285124180C2D00E5BEF1 /* Router.swift in Sources */,
				9F0FCD772412A8F100AFC61E /* SessionManager.swift in Sources */,
				9F0FCD742411EA7E00AFC61E /* Location.swift in Sources */,
				9F6B28492412C86600E5BEF1 /* View.swift in Sources */,
				9F6B2857242EB9E200E5BEF1 /* CharacterCell.swift in Sources */,
				9F0FCD3E2411E35100AFC61E /* SceneDelegate.swift in Sources */,
				9F6B284B2412CA4F00E5BEF1 /* Presenter.swift in Sources */,
				9F0FCD722411E9ED00AFC61E /* Character.swift in Sources */,
				9F6B28452412C33A00E5BEF1 /* Characters.swift in Sources */,
			);
			runOnlyForDeploymentPostprocessing = 0;
		};
		9F0FCD4A2411E35400AFC61E /* Sources */ = {
			isa = PBXSourcesBuildPhase;
			buildActionMask = 2147483647;
			files = (
				9F0FCD532411E35400AFC61E /* RickAndMortyTests.swift in Sources */,
			);
			runOnlyForDeploymentPostprocessing = 0;
		};
		9F0FCD552411E35400AFC61E /* Sources */ = {
			isa = PBXSourcesBuildPhase;
			buildActionMask = 2147483647;
			files = (
				9F0FCD5E2411E35400AFC61E /* RickAndMortyUITests.swift in Sources */,
			);
			runOnlyForDeploymentPostprocessing = 0;
		};
/* End PBXSourcesBuildPhase section */

/* Begin PBXTargetDependency section */
		9F0FCD502411E35400AFC61E /* PBXTargetDependency */ = {
			isa = PBXTargetDependency;
			target = 9F0FCD372411E35100AFC61E /* RickAndMorty */;
			targetProxy = 9F0FCD4F2411E35400AFC61E /* PBXContainerItemProxy */;
		};
		9F0FCD5B2411E35400AFC61E /* PBXTargetDependency */ = {
			isa = PBXTargetDependency;
			target = 9F0FCD372411E35100AFC61E /* RickAndMorty */;
			targetProxy = 9F0FCD5A2411E35400AFC61E /* PBXContainerItemProxy */;
		};
/* End PBXTargetDependency section */

/* Begin PBXVariantGroup section */
		9F0FCD412411E35100AFC61E /* Main.storyboard */ = {
			isa = PBXVariantGroup;
			children = (
				9F0FCD422411E35100AFC61E /* Base */,
			);
			name = Main.storyboard;
			sourceTree = "<group>";
		};
		9F0FCD462411E35400AFC61E /* LaunchScreen.storyboard */ = {
			isa = PBXVariantGroup;
			children = (
				9F0FCD472411E35400AFC61E /* Base */,
			);
			name = LaunchScreen.storyboard;
			sourceTree = "<group>";
		};
/* End PBXVariantGroup section */

/* Begin XCBuildConfiguration section */
		9F0FCD602411E35400AFC61E /* Debug */ = {
			isa = XCBuildConfiguration;
			buildSettings = {
				ALWAYS_SEARCH_USER_PATHS = NO;
				CLANG_ANALYZER_NONNULL = YES;
				CLANG_ANALYZER_NUMBER_OBJECT_CONVERSION = YES_AGGRESSIVE;
				CLANG_CXX_LANGUAGE_STANDARD = "gnu++14";
				CLANG_CXX_LIBRARY = "libc++";
				CLANG_ENABLE_MODULES = YES;
				CLANG_ENABLE_OBJC_ARC = YES;
				CLANG_ENABLE_OBJC_WEAK = YES;
				CLANG_WARN_BLOCK_CAPTURE_AUTORELEASING = YES;
				CLANG_WARN_BOOL_CONVERSION = YES;
				CLANG_WARN_COMMA = YES;
				CLANG_WARN_CONSTANT_CONVERSION = YES;
				CLANG_WARN_DEPRECATED_OBJC_IMPLEMENTATIONS = YES;
				CLANG_WARN_DIRECT_OBJC_ISA_USAGE = YES_ERROR;
				CLANG_WARN_DOCUMENTATION_COMMENTS = YES;
				CLANG_WARN_EMPTY_BODY = YES;
				CLANG_WARN_ENUM_CONVERSION = YES;
				CLANG_WARN_INFINITE_RECURSION = YES;
				CLANG_WARN_INT_CONVERSION = YES;
				CLANG_WARN_NON_LITERAL_NULL_CONVERSION = YES;
				CLANG_WARN_OBJC_IMPLICIT_RETAIN_SELF = YES;
				CLANG_WARN_OBJC_LITERAL_CONVERSION = YES;
				CLANG_WARN_OBJC_ROOT_CLASS = YES_ERROR;
				CLANG_WARN_RANGE_LOOP_ANALYSIS = YES;
				CLANG_WARN_STRICT_PROTOTYPES = YES;
				CLANG_WARN_SUSPICIOUS_MOVE = YES;
				CLANG_WARN_UNGUARDED_AVAILABILITY = YES_AGGRESSIVE;
				CLANG_WARN_UNREACHABLE_CODE = YES;
				CLANG_WARN__DUPLICATE_METHOD_MATCH = YES;
				COPY_PHASE_STRIP = NO;
				DEBUG_INFORMATION_FORMAT = dwarf;
				ENABLE_STRICT_OBJC_MSGSEND = YES;
				ENABLE_TESTABILITY = YES;
				GCC_C_LANGUAGE_STANDARD = gnu11;
				GCC_DYNAMIC_NO_PIC = NO;
				GCC_NO_COMMON_BLOCKS = YES;
				GCC_OPTIMIZATION_LEVEL = 0;
				GCC_PREPROCESSOR_DEFINITIONS = (
					"DEBUG=1",
					"$(inherited)",
				);
				GCC_WARN_64_TO_32_BIT_CONVERSION = YES;
				GCC_WARN_ABOUT_RETURN_TYPE = YES_ERROR;
				GCC_WARN_UNDECLARED_SELECTOR = YES;
				GCC_WARN_UNINITIALIZED_AUTOS = YES_AGGRESSIVE;
				GCC_WARN_UNUSED_FUNCTION = YES;
				GCC_WARN_UNUSED_VARIABLE = YES;
				IPHONEOS_DEPLOYMENT_TARGET = 13.2;
				MTL_ENABLE_DEBUG_INFO = INCLUDE_SOURCE;
				MTL_FAST_MATH = YES;
				ONLY_ACTIVE_ARCH = YES;
				SDKROOT = iphoneos;
				SWIFT_ACTIVE_COMPILATION_CONDITIONS = DEBUG;
				SWIFT_OPTIMIZATION_LEVEL = "-Onone";
			};
			name = Debug;
		};
		9F0FCD612411E35400AFC61E /* Release */ = {
			isa = XCBuildConfiguration;
			buildSettings = {
				ALWAYS_SEARCH_USER_PATHS = NO;
				CLANG_ANALYZER_NONNULL = YES;
				CLANG_ANALYZER_NUMBER_OBJECT_CONVERSION = YES_AGGRESSIVE;
				CLANG_CXX_LANGUAGE_STANDARD = "gnu++14";
				CLANG_CXX_LIBRARY = "libc++";
				CLANG_ENABLE_MODULES = YES;
				CLANG_ENABLE_OBJC_ARC = YES;
				CLANG_ENABLE_OBJC_WEAK = YES;
				CLANG_WARN_BLOCK_CAPTURE_AUTORELEASING = YES;
				CLANG_WARN_BOOL_CONVERSION = YES;
				CLANG_WARN_COMMA = YES;
				CLANG_WARN_CONSTANT_CONVERSION = YES;
				CLANG_WARN_DEPRECATED_OBJC_IMPLEMENTATIONS = YES;
				CLANG_WARN_DIRECT_OBJC_ISA_USAGE = YES_ERROR;
				CLANG_WARN_DOCUMENTATION_COMMENTS = YES;
				CLANG_WARN_EMPTY_BODY = YES;
				CLANG_WARN_ENUM_CONVERSION = YES;
				CLANG_WARN_INFINITE_RECURSION = YES;
				CLANG_WARN_INT_CONVERSION = YES;
				CLANG_WARN_NON_LITERAL_NULL_CONVERSION = YES;
				CLANG_WARN_OBJC_IMPLICIT_RETAIN_SELF = YES;
				CLANG_WARN_OBJC_LITERAL_CONVERSION = YES;
				CLANG_WARN_OBJC_ROOT_CLASS = YES_ERROR;
				CLANG_WARN_RANGE_LOOP_ANALYSIS = YES;
				CLANG_WARN_STRICT_PROTOTYPES = YES;
				CLANG_WARN_SUSPICIOUS_MOVE = YES;
				CLANG_WARN_UNGUARDED_AVAILABILITY = YES_AGGRESSIVE;
				CLANG_WARN_UNREACHABLE_CODE = YES;
				CLANG_WARN__DUPLICATE_METHOD_MATCH = YES;
				COPY_PHASE_STRIP = NO;
				DEBUG_INFORMATION_FORMAT = "dwarf-with-dsym";
				ENABLE_NS_ASSERTIONS = NO;
				ENABLE_STRICT_OBJC_MSGSEND = YES;
				GCC_C_LANGUAGE_STANDARD = gnu11;
				GCC_NO_COMMON_BLOCKS = YES;
				GCC_WARN_64_TO_32_BIT_CONVERSION = YES;
				GCC_WARN_ABOUT_RETURN_TYPE = YES_ERROR;
				GCC_WARN_UNDECLARED_SELECTOR = YES;
				GCC_WARN_UNINITIALIZED_AUTOS = YES_AGGRESSIVE;
				GCC_WARN_UNUSED_FUNCTION = YES;
				GCC_WARN_UNUSED_VARIABLE = YES;
				IPHONEOS_DEPLOYMENT_TARGET = 13.2;
				MTL_ENABLE_DEBUG_INFO = NO;
				MTL_FAST_MATH = YES;
				SDKROOT = iphoneos;
				SWIFT_COMPILATION_MODE = wholemodule;
				SWIFT_OPTIMIZATION_LEVEL = "-O";
				VALIDATE_PRODUCT = YES;
			};
			name = Release;
		};
		9F0FCD632411E35400AFC61E /* Debug */ = {
			isa = XCBuildConfiguration;
			buildSettings = {
				ASSETCATALOG_COMPILER_APPICON_NAME = AppIcon;
				CODE_SIGN_STYLE = Automatic;
				DEVELOPMENT_TEAM = 8CEQW7LX82;
				INFOPLIST_FILE = "RickAndMorty/Project Files/Info.plist";
				LD_RUNPATH_SEARCH_PATHS = (
					"$(inherited)",
					"@executable_path/Frameworks",
				);
				PRODUCT_BUNDLE_IDENTIFIER = approcket.RickAndMorty;
				PRODUCT_NAME = "$(TARGET_NAME)";
				SWIFT_VERSION = 5.0;
				TARGETED_DEVICE_FAMILY = "1,2";
			};
			name = Debug;
		};
		9F0FCD642411E35400AFC61E /* Release */ = {
			isa = XCBuildConfiguration;
			buildSettings = {
				ASSETCATALOG_COMPILER_APPICON_NAME = AppIcon;
				CODE_SIGN_STYLE = Automatic;
				DEVELOPMENT_TEAM = 8CEQW7LX82;
				INFOPLIST_FILE = "RickAndMorty/Project Files/Info.plist";
				LD_RUNPATH_SEARCH_PATHS = (
					"$(inherited)",
					"@executable_path/Frameworks",
				);
				PRODUCT_BUNDLE_IDENTIFIER = approcket.RickAndMorty;
				PRODUCT_NAME = "$(TARGET_NAME)";
				SWIFT_VERSION = 5.0;
				TARGETED_DEVICE_FAMILY = "1,2";
			};
			name = Release;
		};
		9F0FCD662411E35400AFC61E /* Debug */ = {
			isa = XCBuildConfiguration;
			buildSettings = {
				ALWAYS_EMBED_SWIFT_STANDARD_LIBRARIES = YES;
				BUNDLE_LOADER = "$(TEST_HOST)";
				CODE_SIGN_STYLE = Automatic;
				DEVELOPMENT_TEAM = 8CEQW7LX82;
				INFOPLIST_FILE = RickAndMortyTests/Info.plist;
				IPHONEOS_DEPLOYMENT_TARGET = 13.2;
				LD_RUNPATH_SEARCH_PATHS = (
					"$(inherited)",
					"@executable_path/Frameworks",
					"@loader_path/Frameworks",
				);
				PRODUCT_BUNDLE_IDENTIFIER = approcket.RickAndMortyTests;
				PRODUCT_NAME = "$(TARGET_NAME)";
				SWIFT_VERSION = 5.0;
				TARGETED_DEVICE_FAMILY = "1,2";
				TEST_HOST = "$(BUILT_PRODUCTS_DIR)/RickAndMorty.app/RickAndMorty";
			};
			name = Debug;
		};
		9F0FCD672411E35400AFC61E /* Release */ = {
			isa = XCBuildConfiguration;
			buildSettings = {
				ALWAYS_EMBED_SWIFT_STANDARD_LIBRARIES = YES;
				BUNDLE_LOADER = "$(TEST_HOST)";
				CODE_SIGN_STYLE = Automatic;
				DEVELOPMENT_TEAM = 8CEQW7LX82;
				INFOPLIST_FILE = RickAndMortyTests/Info.plist;
				IPHONEOS_DEPLOYMENT_TARGET = 13.2;
				LD_RUNPATH_SEARCH_PATHS = (
					"$(inherited)",
					"@executable_path/Frameworks",
					"@loader_path/Frameworks",
				);
				PRODUCT_BUNDLE_IDENTIFIER = approcket.RickAndMortyTests;
				PRODUCT_NAME = "$(TARGET_NAME)";
				SWIFT_VERSION = 5.0;
				TARGETED_DEVICE_FAMILY = "1,2";
				TEST_HOST = "$(BUILT_PRODUCTS_DIR)/RickAndMorty.app/RickAndMorty";
			};
			name = Release;
		};
		9F0FCD692411E35400AFC61E /* Debug */ = {
			isa = XCBuildConfiguration;
			buildSettings = {
				ALWAYS_EMBED_SWIFT_STANDARD_LIBRARIES = YES;
				CODE_SIGN_STYLE = Automatic;
				DEVELOPMENT_TEAM = 8CEQW7LX82;
				INFOPLIST_FILE = RickAndMortyUITests/Info.plist;
				LD_RUNPATH_SEARCH_PATHS = (
					"$(inherited)",
					"@executable_path/Frameworks",
					"@loader_path/Frameworks",
				);
				PRODUCT_BUNDLE_IDENTIFIER = approcket.RickAndMortyUITests;
				PRODUCT_NAME = "$(TARGET_NAME)";
				SWIFT_VERSION = 5.0;
				TARGETED_DEVICE_FAMILY = "1,2";
				TEST_TARGET_NAME = RickAndMorty;
			};
			name = Debug;
		};
		9F0FCD6A2411E35400AFC61E /* Release */ = {
			isa = XCBuildConfiguration;
			buildSettings = {
				ALWAYS_EMBED_SWIFT_STANDARD_LIBRARIES = YES;
				CODE_SIGN_STYLE = Automatic;
				DEVELOPMENT_TEAM = 8CEQW7LX82;
				INFOPLIST_FILE = RickAndMortyUITests/Info.plist;
				LD_RUNPATH_SEARCH_PATHS = (
					"$(inherited)",
					"@executable_path/Frameworks",
					"@loader_path/Frameworks",
				);
				PRODUCT_BUNDLE_IDENTIFIER = approcket.RickAndMortyUITests;
				PRODUCT_NAME = "$(TARGET_NAME)";
				SWIFT_VERSION = 5.0;
				TARGETED_DEVICE_FAMILY = "1,2";
				TEST_TARGET_NAME = RickAndMorty;
			};
			name = Release;
		};
/* End XCBuildConfiguration section */

/* Begin XCConfigurationList section */
		9F0FCD332411E35100AFC61E /* Build configuration list for PBXProject "RickAndMorty" */ = {
			isa = XCConfigurationList;
			buildConfigurations = (
				9F0FCD602411E35400AFC61E /* Debug */,
				9F0FCD612411E35400AFC61E /* Release */,
			);
			defaultConfigurationIsVisible = 0;
			defaultConfigurationName = Release;
		};
		9F0FCD622411E35400AFC61E /* Build configuration list for PBXNativeTarget "RickAndMorty" */ = {
			isa = XCConfigurationList;
			buildConfigurations = (
				9F0FCD632411E35400AFC61E /* Debug */,
				9F0FCD642411E35400AFC61E /* Release */,
			);
			defaultConfigurationIsVisible = 0;
			defaultConfigurationName = Release;
		};
		9F0FCD652411E35400AFC61E /* Build configuration list for PBXNativeTarget "RickAndMortyTests" */ = {
			isa = XCConfigurationList;
			buildConfigurations = (
				9F0FCD662411E35400AFC61E /* Debug */,
				9F0FCD672411E35400AFC61E /* Release */,
			);
			defaultConfigurationIsVisible = 0;
			defaultConfigurationName = Release;
		};
		9F0FCD682411E35400AFC61E /* Build configuration list for PBXNativeTarget "RickAndMortyUITests" */ = {
			isa = XCConfigurationList;
			buildConfigurations = (
				9F0FCD692411E35400AFC61E /* Debug */,
				9F0FCD6A2411E35400AFC61E /* Release */,
			);
			defaultConfigurationIsVisible = 0;
			defaultConfigurationName = Release;
		};
/* End XCConfigurationList section */
	};
	rootObject = 9F0FCD302411E35100AFC61E /* Project object */;
}
